
Microsoft Visual Studio Solution File, Format Version 12.00
# Visual Studio Version 17
VisualStudioVersion = 17.13.35931.197 d17.13
MinimumVisualStudioVersion = 10.0.40219.1
Project("{FAE04EC0-301F-11D3-BF4B-00C04F79EFBC}") = "ProyectoClubDeportivo", "ProyectoClubDeportivo\ProyectoClubDeportivo.csproj", "{78309EDB-D9A3-45D2-9352-F4AB717303DC}"
EndProject
Global
	GlobalSection(SolutionConfigurationPlatforms) = preSolution
		Debug|Any CPU = Debug|Any CPU
		Release|Any CPU = Release|Any CPU
	EndGlobalSection
	GlobalSection(ProjectConfigurationPlatforms) = postSolution
		{78309EDB-D9A3-45D2-9352-F4AB717303DC}.Debug|Any CPU.ActiveCfg = Debug|Any CPU
		{78309EDB-D9A3-45D2-9352-F4AB717303DC}.Debug|Any CPU.Build.0 = Debug|Any CPU
		{78309EDB-D9A3-45D2-9352-F4AB717303DC}.Release|Any CPU.ActiveCfg = Release|Any CPU
		{78309EDB-D9A3-45D2-9352-F4AB717303DC}.Release|Any CPU.Build.0 = Release|Any CPU
	EndGlobalSection
	GlobalSection(SolutionProperties) = preSolution
		HideSolutionNode = FALSE
	EndGlobalSection
	GlobalSection(ExtensibilityGlobals) = postSolution
		SolutionGuid = {AE9616B3-9B3E-4581-B391-511D90ACF518}
	EndGlobalSection
EndGlobal
